PODS:
  - YDCollectionViewLayout (0.1.2)

DEPENDENCIES:
  - YDCollectionViewLayout (from `../`)

EXTERNAL SOURCES:
  YDCollectionViewLayout:
    :path: "../"

SPEC CHECKSUMS:
  YDCollectionViewLayout: 5ddaff478895ea8f19306a33964b326407dc5574

PODFILE CHECKSUM: 3d4c9fcefe6f2a2edc277158239da348f27ebab1

COCOAPODS: 1.10.1
